
Microsoft Visual Studio Solution File, Format Version 12.00
# Visual Studio 14
VisualStudioVersion = 14.0.25420.1
MinimumVisualStudioVersion = 10.0.40219.1
Project("{FAE04EC0-301F-11D3-BF4B-00C04F79EFBC}") = "LayeredApp.Droid", "LayeredApp\LayeredApp.Droid\LayeredApp.Droid.csproj", "{066F0906-29E1-4B19-87C6-5B345A3689E3}"
EndProject
Project("{FAE04EC0-301F-11D3-BF4B-00C04F79EFBC}") = "LayeredApp.iOS", "LayeredApp\LayeredApp.iOS\LayeredApp.iOS.csproj", "{64C0A49A-CE7B-4AC7-948B-76FE6CBE0553}"
EndProject
Project("{FAE04EC0-301F-11D3-BF4B-00C04F79EFBC}") = "LayeredApp", "LayeredApp\LayeredApp\LayeredApp.csproj", "{F09DD4D3-FD56-49CC-B8D5-A7D469366BC7}"
EndProject
Global
	GlobalSection(SolutionConfigurationPlatforms) = preSolution
		Debug|Any CPU = Debug|Any CPU
		Debug|iPhone = Debug|iPhone
		Debug|iPhoneSimulator = Debug|iPhoneSimulator
		Release|Any CPU = Release|Any CPU
		Release|iPhone = Release|iPhone
		Release|iPhoneSimulator = Release|iPhoneSimulator
	EndGlobalSection
	GlobalSection(ProjectConfigurationPlatforms) = postSolution
		{066F0906-29E1-4B19-87C6-5B345A3689E3}.Debug|Any CPU.ActiveCfg = Debug|Any CPU
		{066F0906-29E1-4B19-87C6-5B345A3689E3}.Debug|Any CPU.Build.0 = Debug|Any CPU
		{066F0906-29E1-4B19-87C6-5B345A3689E3}.Debug|Any CPU.Deploy.0 = Debug|Any CPU
		{066F0906-29E1-4B19-87C6-5B345A3689E3}.Debug|iPhone.ActiveCfg = Debug|Any CPU
		{066F0906-29E1-4B19-87C6-5B345A3689E3}.Debug|iPhone.Build.0 = Debug|Any CPU
		{066F0906-29E1-4B19-87C6-5B345A3689E3}.Debug|iPhone.Deploy.0 = Debug|Any CPU
		{066F0906-29E1-4B19-87C6-5B345A3689E3}.Debug|iPhoneSimulator.ActiveCfg = Debug|Any CPU
		{066F0906-29E1-4B19-87C6-5B345A3689E3}.Debug|iPhoneSimulator.Build.0 = Debug|Any CPU
		{066F0906-29E1-4B19-87C6-5B345A3689E3}.Debug|iPhoneSimulator.Deploy.0 = Debug|Any CPU
		{066F0906-29E1-4B19-87C6-5B345A3689E3}.Release|Any CPU.ActiveCfg = Release|Any CPU
		{066F0906-29E1-4B19-87C6-5B345A3689E3}.Release|Any CPU.Build.0 = Release|Any CPU
		{066F0906-29E1-4B19-87C6-5B345A3689E3}.Release|Any CPU.Deploy.0 = Release|Any CPU
		{066F0906-29E1-4B19-87C6-5B345A3689E3}.Release|iPhone.ActiveCfg = Release|Any CPU
		{066F0906-29E1-4B19-87C6-5B345A3689E3}.Release|iPhone.Build.0 = Release|Any CPU
		{066F0906-29E1-4B19-87C6-5B345A3689E3}.Release|iPhone.Deploy.0 = Release|Any CPU
		{066F0906-29E1-4B19-87C6-5B345A3689E3}.Release|iPhoneSimulator.ActiveCfg = Release|Any CPU
		{066F0906-29E1-4B19-87C6-5B345A3689E3}.Release|iPhoneSimulator.Build.0 = Release|Any CPU
		{066F0906-29E1-4B19-87C6-5B345A3689E3}.Release|iPhoneSimulator.Deploy.0 = Release|Any CPU
		{64C0A49A-CE7B-4AC7-948B-76FE6CBE0553}.Debug|Any CPU.ActiveCfg = Debug|iPhone
		{64C0A49A-CE7B-4AC7-948B-76FE6CBE0553}.Debug|iPhone.ActiveCfg = Debug|iPhone
		{64C0A49A-CE7B-4AC7-948B-76FE6CBE0553}.Debug|iPhone.Build.0 = Debug|iPhone
		{64C0A49A-CE7B-4AC7-948B-76FE6CBE0553}.Debug|iPhoneSimulator.ActiveCfg = Debug|iPhoneSimulator
		{64C0A49A-CE7B-4AC7-948B-76FE6CBE0553}.Debug|iPhoneSimulator.Build.0 = Debug|iPhoneSimulator
		{64C0A49A-CE7B-4AC7-948B-76FE6CBE0553}.Release|Any CPU.ActiveCfg = Release|iPhone
		{64C0A49A-CE7B-4AC7-948B-76FE6CBE0553}.Release|iPhone.ActiveCfg = Release|iPhone
		{64C0A49A-CE7B-4AC7-948B-76FE6CBE0553}.Release|iPhone.Build.0 = Release|iPhone
		{64C0A49A-CE7B-4AC7-948B-76FE6CBE0553}.Release|iPhoneSimulator.ActiveCfg = Release|iPhoneSimulator
		{64C0A49A-CE7B-4AC7-948B-76FE6CBE0553}.Release|iPhoneSimulator.Build.0 = Release|iPhoneSimulator
		{F09DD4D3-FD56-49CC-B8D5-A7D469366BC7}.Debug|Any CPU.ActiveCfg = Debug|Any CPU
		{F09DD4D3-FD56-49CC-B8D5-A7D469366BC7}.Debug|Any CPU.Build.0 = Debug|Any CPU
		{F09DD4D3-FD56-49CC-B8D5-A7D469366BC7}.Debug|iPhone.ActiveCfg = Debug|Any CPU
		{F09DD4D3-FD56-49CC-B8D5-A7D469366BC7}.Debug|iPhone.Build.0 = Debug|Any CPU
		{F09DD4D3-FD56-49CC-B8D5-A7D469366BC7}.Debug|iPhoneSimulator.ActiveCfg = Debug|Any CPU
		{F09DD4D3-FD56-49CC-B8D5-A7D469366BC7}.Debug|iPhoneSimulator.Build.0 = Debug|Any CPU
		{F09DD4D3-FD56-49CC-B8D5-A7D469366BC7}.Release|Any CPU.ActiveCfg = Release|Any CPU
		{F09DD4D3-FD56-49CC-B8D5-A7D469366BC7}.Release|Any CPU.Build.0 = Release|Any CPU
		{F09DD4D3-FD56-49CC-B8D5-A7D469366BC7}.Release|iPhone.ActiveCfg = Release|Any CPU
		{F09DD4D3-FD56-49CC-B8D5-A7D469366BC7}.Release|iPhone.Build.0 = Release|Any CPU
		{F09DD4D3-FD56-49CC-B8D5-A7D469366BC7}.Release|iPhoneSimulator.ActiveCfg = Release|Any CPU
		{F09DD4D3-FD56-49CC-B8D5-A7D469366BC7}.Release|iPhoneSimulator.Build.0 = Release|Any CPU
	EndGlobalSection
	GlobalSection(SolutionProperties) = preSolution
		HideSolutionNode = FALSE
	EndGlobalSection
EndGlobal
